
Microsoft Visual Studio Solution File, Format Version 12.00
# Visual Studio Version 16
VisualStudioVersion = 16.0.31205.134
MinimumVisualStudioVersion = 10.0.40219.1
Project("{FAE04EC0-301F-11D3-BF4B-00C04F79EFBC}") = "EXERCISE 01 - OVERRIDE BASE  VIRTUAL OVERLAP", "EXERCISE 01 - OVERRIDE BASE  VIRTUAL OVERLAP\EXERCISE 01 - OVERRIDE BASE  VIRTUAL OVERLAP.csproj", "{B61E58E5-B386-4646-8691-5145522644A3}"
EndProject
Global
	GlobalSection(SolutionConfigurationPlatforms) = preSolution
		Debug|Any CPU = Debug|Any CPU
		Release|Any CPU = Release|Any CPU
	EndGlobalSection
	GlobalSection(ProjectConfigurationPlatforms) = postSolution
		{B61E58E5-B386-4646-8691-5145522644A3}.Debug|Any CPU.ActiveCfg = Debug|Any CPU
		{B61E58E5-B386-4646-8691-5145522644A3}.Debug|Any CPU.Build.0 = Debug|Any CPU
		{B61E58E5-B386-4646-8691-5145522644A3}.Release|Any CPU.ActiveCfg = Release|Any CPU
		{B61E58E5-B386-4646-8691-5145522644A3}.Release|Any CPU.Build.0 = Release|Any CPU
	EndGlobalSection
	GlobalSection(SolutionProperties) = preSolution
		HideSolutionNode = FALSE
	EndGlobalSection
	GlobalSection(ExtensibilityGlobals) = postSolution
		SolutionGuid = {A38AF938-4CAF-4794-BC9B-056F0AB13AA9}
	EndGlobalSection
EndGlobal
